
Microsoft Visual Studio Solution File, Format Version 12.00
# Visual Studio Version 17
VisualStudioVersion = 17.5.33627.172
MinimumVisualStudioVersion = 10.0.40219.1
Project("{2150E333-8FDC-42A3-9474-1A3956D46DE8}") = "Chain of Responsibility", "Chain of Responsibility", "{DFE072B6-A929-4D1B-ADFF-6775E5AD3742}"
EndProject
Project("{FAE04EC0-301F-11D3-BF4B-00C04F79EFBC}") = "Chain of Responsibility", "Chain of Responsibility\Chain of Responsibility.csproj", "{623AC27B-70EA-4965-BCAA-EBABD25C2A09}"
EndProject
Global
	GlobalSection(SolutionConfigurationPlatforms) = preSolution
		Debug|Any CPU = Debug|Any CPU
		Release|Any CPU = Release|Any CPU
	EndGlobalSection
	GlobalSection(ProjectConfigurationPlatforms) = postSolution
		{623AC27B-70EA-4965-BCAA-EBABD25C2A09}.Debug|Any CPU.ActiveCfg = Debug|Any CPU
		{623AC27B-70EA-4965-BCAA-EBABD25C2A09}.Debug|Any CPU.Build.0 = Debug|Any CPU
		{623AC27B-70EA-4965-BCAA-EBABD25C2A09}.Release|Any CPU.ActiveCfg = Release|Any CPU
		{623AC27B-70EA-4965-BCAA-EBABD25C2A09}.Release|Any CPU.Build.0 = Release|Any CPU
	EndGlobalSection
	GlobalSection(SolutionProperties) = preSolution
		HideSolutionNode = FALSE
	EndGlobalSection
	GlobalSection(NestedProjects) = preSolution
		{623AC27B-70EA-4965-BCAA-EBABD25C2A09} = {DFE072B6-A929-4D1B-ADFF-6775E5AD3742}
	EndGlobalSection
	GlobalSection(ExtensibilityGlobals) = postSolution
		SolutionGuid = {E173E962-BE19-4BD3-93F4-4A0F6595EDE9}
	EndGlobalSection
EndGlobal
